# This file is generated by running "yarn install" inside your project.
# Manual changes might be lost - proceed with caution!

__metadata:
  version: 8
  cacheKey: 10

"@cspotcode/source-map-consumer@npm:0.8.0":
  version: 0.8.0
  resolution: "@cspotcode/source-map-consumer@npm:0.8.0"
  checksum: dfe1399712e4d54e1d53b0c7782f929647ff8675c37ae7637ce2ffdbcc8bad06fea969bcbec6147e7ea70a89257cfc86695a3702c1946a1c334454480937b966
  languageName: node
  linkType: hard

"@cspotcode/source-map-support@npm:0.7.0":
  version: 0.7.0
  resolution: "@cspotcode/source-map-support@npm:0.7.0"
  dependencies:
    "@cspotcode/source-map-consumer": "npm:0.8.0"
  checksum: d58b31640c4b1438c0caf8ed7eb46647674c042a625919660d9fb2d76f3621875520082934bae88ef54a75d53e8f9cafb506160bb02403a19e7155aa5f4ac59b
  languageName: node
  linkType: hard

"@grammyjs/types@npm:^2.6.0":
  version: 2.6.0
  resolution: "@grammyjs/types@npm:2.6.0"
  checksum: 05331f9850c096544ca2fe604017429a0c2085477db21e53b66cfc7c208fa733e15f8f3c4dd4774477b78706ac05234be92041cb4f37cd8c9eb52eb7c471f81f
  languageName: node
  linkType: hard

"@tsconfig/node10@npm:^1.0.7":
  version: 1.0.8
  resolution: "@tsconfig/node10@npm:1.0.8"
  checksum: b8d5fffbc6b17ef64ef74f7fdbccee02a809a063ade785c3648dae59406bc207f70ea2c4296f92749b33019fa36a5ae716e42e49cc7f1bbf0fd147be0d6b970a
  languageName: node
  linkType: hard

"@tsconfig/node12@npm:^1.0.7":
  version: 1.0.9
  resolution: "@tsconfig/node12@npm:1.0.9"
  checksum: a01b2400ab3582b86b589c6d31dcd0c0656f333adecde85d6d7d4086adb059808b82692380bb169546d189bf771ae21d02544a75b57bd6da4a5dd95f8567bec9
  languageName: node
  linkType: hard

"@tsconfig/node14@npm:^1.0.0":
  version: 1.0.1
  resolution: "@tsconfig/node14@npm:1.0.1"
  checksum: 976345e896c0f059867f94f8d0f6ddb8b1844fb62bf36b727de8a9a68f024857e5db97ed51d3325e23e0616a5e48c034ff51a8d595b3fe7e955f3587540489be
  languageName: node
  linkType: hard

"@tsconfig/node16@npm:^1.0.2":
  version: 1.0.2
  resolution: "@tsconfig/node16@npm:1.0.2"
  checksum: ca94d3639714672bbfd55f03521d3f56bb6a25479bd425da81faf21f13e1e9d15f40f97377dedbbf477a5841c5b0c8f4cd1b391f33553d750b9202c54c2c07aa
  languageName: node
  linkType: hard

"@types/node@npm:*, @types/node@npm:^16.11.12":
  version: 16.11.12
  resolution: "@types/node@npm:16.11.12"
  checksum: 5e5ea88e25df17e18ec76b322ff95f72cce55417f25f37743e7b8f0f2c206233f89270478f9fa28ae49c8e118a332bb32687537a4b2355a6b7f1eec7ea806ba0
  languageName: node
  linkType: hard

"@types/webidl-conversions@npm:*":
  version: 6.1.1
  resolution: "@types/webidl-conversions@npm:6.1.1"
  checksum: bd0faad4dfec232010d96a42fbd7b5ac4df557899050a6676a75d30ced8553f19e5a3c747fd2b4317f2810d4cf5d2d6dd47ad22ecfb9e6b21119aba678b8897f
  languageName: node
  linkType: hard

"@types/whatwg-url@npm:^8.2.1":
  version: 8.2.1
  resolution: "@types/whatwg-url@npm:8.2.1"
  dependencies:
    "@types/node": "npm:*"
    "@types/webidl-conversions": "npm:*"
  checksum: 975987a9ca14a8d5a883523acb4fa0df7760cd8ca8dee56cd57753821e56060bfbead94df84f4504fe0b4270776d81cbb40fcd1f8643dab86da3a9abe926fb5c
  languageName: node
  linkType: hard

"abort-controller@npm:^3.0.0":
  version: 3.0.0
  resolution: "abort-controller@npm:3.0.0"
  dependencies:
    event-target-shim: "npm:^5.0.0"
  checksum: ed84af329f1828327798229578b4fe03a4dd2596ba304083ebd2252666bdc1d7647d66d0b18704477e1f8aa315f055944aa6e859afebd341f12d0a53c37b4b40
  languageName: node
  linkType: hard

"accepts@npm:~1.3.7":
  version: 1.3.7
  resolution: "accepts@npm:1.3.7"
  dependencies:
    mime-types: "npm:~2.1.24"
    negotiator: "npm:0.6.2"
  checksum: 599aa3cc775a2b4fb393f666be41ba7f3da4f46ba8bb422908a68042d3d59ef71f1631f1657b22842fe53f4cd562fc02f8bb42cfde6af0cec3a9b1f9508843cc
  languageName: node
  linkType: hard

"acorn-walk@npm:^8.1.1":
  version: 8.2.0
  resolution: "acorn-walk@npm:8.2.0"
  checksum: e69f7234f2adfeb16db3671429a7c80894105bd7534cb2032acf01bb26e6a847952d11a062d071420b43f8d82e33d2e57f26fe87d9cce0853e8143d8910ff1de
  languageName: node
  linkType: hard

"acorn@npm:^8.4.1":
  version: 8.6.0
  resolution: "acorn@npm:8.6.0"
  bin:
    acorn: bin/acorn
  checksum: d6c7326a751a322f70738855dfb622ccacf83e9346571b38e462fc9341a71b8506bdc72a2341440658df0fabc4fe2f672c7aa9fffc227b1b1cc9ee856c66bf29
  languageName: node
  linkType: hard

"arg@npm:^4.1.0":
  version: 4.1.3
  resolution: "arg@npm:4.1.3"
  checksum: 969b491082f20cad166649fa4d2073ea9e974a4e5ac36247ca23d2e5a8b3cb12d60e9ff70a8acfe26d76566c71fd351ee5e6a9a6595157eb36f92b1fd64e1599
  languageName: node
  linkType: hard

"array-flatten@npm:1.1.1":
  version: 1.1.1
  resolution: "array-flatten@npm:1.1.1"
  checksum: e13c9d247241be82f8b4ec71d035ed7204baa82fae820d4db6948d30d3c4a9f2b3905eb2eec2b937d4aa3565200bd3a1c500480114cff649fa748747d2a50feb
  languageName: node
  linkType: hard

"base64-js@npm:^1.3.1":
  version: 1.5.1
  resolution: "base64-js@npm:1.5.1"
  checksum: 669632eb3745404c2f822a18fc3a0122d2f9a7a13f7fb8b5823ee19d1d2ff9ee5b52c53367176ea4ad093c332fd5ab4bd0ebae5a8e27917a4105a4cfc86b1005
  languageName: node
  linkType: hard

"body-parser@npm:1.19.0":
  version: 1.19.0
  resolution: "body-parser@npm:1.19.0"
  dependencies:
    bytes: "npm:3.1.0"
    content-type: "npm:~1.0.4"
    debug: "npm:2.6.9"
    depd: "npm:~1.1.2"
    http-errors: "npm:1.7.2"
    iconv-lite: "npm:0.4.24"
    on-finished: "npm:~2.3.0"
    qs: "npm:6.7.0"
    raw-body: "npm:2.4.0"
    type-is: "npm:~1.6.17"
  checksum: 6ed5f3f42f3038301673d90ea1616f7670e78795018904cf581d361523bfa24a7b6d998015d9cdd02668cd70e85d8b3b4b40023e4128e8aec1ddaf6ed1693dc1
  languageName: node
  linkType: hard

"bson@npm:^4.2.2, bson@npm:^4.6.0":
  version: 4.6.0
  resolution: "bson@npm:4.6.0"
  dependencies:
    buffer: "npm:^5.6.0"
  checksum: 14d7d3b6dedad6622a43e0207f94ef181de51fbcaaad923888c95f8d326691fd35f7a88381c9ef1badddadf0f5925ccd6a75c1de070361e25661f7ff62ad63a6
  languageName: node
  linkType: hard

"buffer@npm:^5.6.0":
  version: 5.7.1
  resolution: "buffer@npm:5.7.1"
  dependencies:
    base64-js: "npm:^1.3.1"
    ieee754: "npm:^1.1.13"
  checksum: 997434d3c6e3b39e0be479a80288875f71cd1c07d75a3855e6f08ef848a3c966023f79534e22e415ff3a5112708ce06127277ab20e527146d55c84566405c7c6
  languageName: node
  linkType: hard

"bytes@npm:3.1.0":
  version: 3.1.0
  resolution: "bytes@npm:3.1.0"
  checksum: 7c3b21c5d9d44ed455460d5d36a31abc6fa2ce3807964ba60a4b03fd44454c8cf07bb0585af83bfde1c5cc2ea4bbe5897bc3d18cd15e0acf25a3615a35aba2df
  languageName: node
  linkType: hard

"content-disposition@npm:0.5.3":
  version: 0.5.3
  resolution: "content-disposition@npm:0.5.3"
  dependencies:
    safe-buffer: "npm:5.1.2"
  checksum: 7d0df7855b0202c02d083767258c7baae5cfc2664181de8abccca1b06aa6cc127d15a0f9f45409683a7b58e42af6dcb2ba46201071ce4225ae3980b2a55f58cd
  languageName: node
  linkType: hard

"content-type@npm:~1.0.4":
  version: 1.0.4
  resolution: "content-type@npm:1.0.4"
  checksum: 5ea85c5293475c0cdf2f84e2c71f0519ced565840fb8cbda35997cb67cc45b879d5b9dbd37760c4041ca7415a3687f8a5f2f87b556b2aaefa49c0f3436a346d4
  languageName: node
  linkType: hard

"cookie-signature@npm:1.0.6":
  version: 1.0.6
  resolution: "cookie-signature@npm:1.0.6"
  checksum: f4e1b0a98a27a0e6e66fd7ea4e4e9d8e038f624058371bf4499cfcd8f3980be9a121486995202ba3fca74fbed93a407d6d54d43a43f96fd28d0bd7a06761591a
  languageName: node
  linkType: hard

"cookie@npm:0.4.0":
  version: 0.4.0
  resolution: "cookie@npm:0.4.0"
  checksum: 494314fb0edfc3262e7809ba184829f3dea798800bf81c3e6ca5185083f75ba10fe37ee32a2aa5a4cd79ea1abcc1452ec47d331a4e6beaceaa30b8e6b3ec7636
  languageName: node
  linkType: hard

"create-require@npm:^1.1.0":
  version: 1.1.1
  resolution: "create-require@npm:1.1.1"
  checksum: a9a1503d4390d8b59ad86f4607de7870b39cad43d929813599a23714831e81c520bddf61bcdd1f8e30f05fd3a2b71ae8538e946eb2786dc65c2bbc520f692eff
  languageName: node
  linkType: hard

"debug@npm:2.6.9":
  version: 2.6.9
  resolution: "debug@npm:2.6.9"
  dependencies:
    ms: "npm:2.0.0"
  checksum: e07005f2b40e04f1bd14a3dd20520e9c4f25f60224cb006ce9d6781732c917964e9ec029fc7f1a151083cd929025ad5133814d4dc624a9aaf020effe4914ed14
  languageName: node
  linkType: hard

"debug@npm:4.x, debug@npm:^4.3.3":
  version: 4.3.3
  resolution: "debug@npm:4.3.3"
  dependencies:
    ms: "npm:2.1.2"
  peerDependenciesMeta:
    supports-color:
      optional: true
  checksum: 723a9570dcd15d146ea4992f0dca12467d1b00f534abb42473df166d36826fcae8bab045aef59ac2f407b47a23266110bc0e646df8ac82f7800c11384f82050e
  languageName: node
  linkType: hard

"denque@npm:^2.0.1":
  version: 2.0.1
  resolution: "denque@npm:2.0.1"
  checksum: 775e27bceb030a1c8d14b8c9eb42bf28b49d1c3b757b6a19dcf41f19f1563ff21e5b2fd6259c94225aee197631795b575596efcb3cd2dccd61b7b91e551e490c
  languageName: node
  linkType: hard

"depd@npm:~1.1.2":
  version: 1.1.2
  resolution: "depd@npm:1.1.2"
  checksum: 2ed6966fc14463a9e85451db330ab8ba041efed0b9a1a472dbfc6fbf2f82bab66491915f996b25d8517dddc36c8c74e24c30879b34877f3c4410733444a51d1d
  languageName: node
  linkType: hard

"destroy@npm:~1.0.4":
  version: 1.0.4
  resolution: "destroy@npm:1.0.4"
  checksum: da9ab4961dc61677c709da0c25ef01733042614453924d65636a7db37308fef8a24cd1e07172e61173d471ca175371295fbc984b0af5b2b4ff47cd57bd784c03
  languageName: node
  linkType: hard

"diff@npm:^4.0.1":
  version: 4.0.2
  resolution: "diff@npm:4.0.2"
  checksum: ec09ec2101934ca5966355a229d77afcad5911c92e2a77413efda5455636c4cf2ce84057e2d7715227a2eeeda04255b849bd3ae3a4dd22eb22e86e76456df069
  languageName: node
  linkType: hard

"dotenv@npm:^10.0.0":
  version: 10.0.0
  resolution: "dotenv@npm:10.0.0"
  checksum: 55f701ae213e3afe3f4232fae5edfb6e0c49f061a363ff9f1c5a0c2bf3fb990a6e49aeada11b2a116efb5fdc3bc3f1ef55ab330be43033410b267f7c0809a9dc
  languageName: node
  linkType: hard

"ee-first@npm:1.1.1":
  version: 1.1.1
  resolution: "ee-first@npm:1.1.1"
  checksum: 1b4cac778d64ce3b582a7e26b218afe07e207a0f9bfe13cc7395a6d307849cfe361e65033c3251e00c27dd060cab43014c2d6b2647676135e18b77d2d05b3f4f
  languageName: node
  linkType: hard

"encodeurl@npm:~1.0.2":
  version: 1.0.2
  resolution: "encodeurl@npm:1.0.2"
  checksum: e50e3d508cdd9c4565ba72d2012e65038e5d71bdc9198cb125beb6237b5b1ade6c0d343998da9e170fb2eae52c1bed37d4d6d98a46ea423a0cddbed5ac3f780c
  languageName: node
  linkType: hard

"escape-html@npm:~1.0.3":
  version: 1.0.3
  resolution: "escape-html@npm:1.0.3"
  checksum: 6213ca9ae00d0ab8bccb6d8d4e0a98e76237b2410302cf7df70aaa6591d509a2a37ce8998008cbecae8fc8ffaadf3fb0229535e6a145f3ce0b211d060decbb24
  languageName: node
  linkType: hard

"etag@npm:~1.8.1":
  version: 1.8.1
  resolution: "etag@npm:1.8.1"
  checksum: 571aeb3dbe0f2bbd4e4fadbdb44f325fc75335cd5f6f6b6a091e6a06a9f25ed5392f0863c5442acb0646787446e816f13cbfc6edce5b07658541dff573cab1ff
  languageName: node
  linkType: hard

"event-target-shim@npm:^5.0.0":
  version: 5.0.1
  resolution: "event-target-shim@npm:5.0.1"
  checksum: 49ff46c3a7facbad3decb31f597063e761785d7fdb3920d4989d7b08c97a61c2f51183e2f3a03130c9088df88d4b489b1b79ab632219901f184f85158508f4c8
  languageName: node
  linkType: hard

"express@npm:^4.17.1":
  version: 4.17.1
  resolution: "express@npm:4.17.1"
  dependencies:
    accepts: "npm:~1.3.7"
    array-flatten: "npm:1.1.1"
    body-parser: "npm:1.19.0"
    content-disposition: "npm:0.5.3"
    content-type: "npm:~1.0.4"
    cookie: "npm:0.4.0"
    cookie-signature: "npm:1.0.6"
    debug: "npm:2.6.9"
    depd: "npm:~1.1.2"
    encodeurl: "npm:~1.0.2"
    escape-html: "npm:~1.0.3"
    etag: "npm:~1.8.1"
    finalhandler: "npm:~1.1.2"
    fresh: "npm:0.5.2"
    merge-descriptors: "npm:1.0.1"
    methods: "npm:~1.1.2"
    on-finished: "npm:~2.3.0"
    parseurl: "npm:~1.3.3"
    path-to-regexp: "npm:0.1.7"
    proxy-addr: "npm:~2.0.5"
    qs: "npm:6.7.0"
    range-parser: "npm:~1.2.1"
    safe-buffer: "npm:5.1.2"
    send: "npm:0.17.1"
    serve-static: "npm:1.14.1"
    setprototypeof: "npm:1.1.1"
    statuses: "npm:~1.5.0"
    type-is: "npm:~1.6.18"
    utils-merge: "npm:1.0.1"
    vary: "npm:~1.1.2"
  checksum: b4a03cdd6a3ca8555057249f8240d8b2d4feb469c8d3edbf94afcc454c0cb73cd108cf4a1b801b978f7e960e420b2597e1efd0480efb9092faa151f38f9576b5
  languageName: node
  linkType: hard

"finalhandler@npm:~1.1.2":
  version: 1.1.2
  resolution: "finalhandler@npm:1.1.2"
  dependencies:
    debug: "npm:2.6.9"
    encodeurl: "npm:~1.0.2"
    escape-html: "npm:~1.0.3"
    on-finished: "npm:~2.3.0"
    parseurl: "npm:~1.3.3"
    statuses: "npm:~1.5.0"
    unpipe: "npm:~1.0.0"
  checksum: 351e99a889abf149eb3edb24568586469feeb3019f5eafb9b31e632a5ad886f12a5595a221508245e6a37da69ae866c9fb411eb541a844238e2c900f63ac1576
  languageName: node
  linkType: hard

"forwarded@npm:0.2.0":
  version: 0.2.0
  resolution: "forwarded@npm:0.2.0"
  checksum: 29ba9fd347117144e97cbb8852baae5e8b2acb7d1b591ef85695ed96f5b933b1804a7fac4a15dd09ca7ac7d0cdc104410e8102aae2dd3faa570a797ba07adb81
  languageName: node
  linkType: hard

"fresh@npm:0.5.2":
  version: 0.5.2
  resolution: "fresh@npm:0.5.2"
  checksum: 64c88e489b5d08e2f29664eb3c79c705ff9a8eb15d3e597198ef76546d4ade295897a44abb0abd2700e7ef784b2e3cbf1161e4fbf16f59129193fd1030d16da1
  languageName: node
  linkType: hard

"grammy@npm:latest":
  version: 1.7.0
  resolution: "grammy@npm:1.7.0"
  dependencies:
    "@grammyjs/types": "npm:^2.6.0"
    abort-controller: "npm:^3.0.0"
    debug: "npm:^4.3.3"
    node-fetch: "npm:^2.6.5"
  checksum: eb192fe81359aa39daf5ccffd2ade1c4306507485e3d4bbea5f10ff349a781a08e0bcd9388b51046f8990d9469b0a4b0513bcade0d3a14c5c3d4ec083e2781d3
  languageName: node
  linkType: hard

"http-errors@npm:1.7.2":
  version: 1.7.2
  resolution: "http-errors@npm:1.7.2"
  dependencies:
    depd: "npm:~1.1.2"
    inherits: "npm:2.0.3"
    setprototypeof: "npm:1.1.1"
    statuses: "npm:>= 1.5.0 < 2"
    toidentifier: "npm:1.0.0"
  checksum: cf8da344b181599d19a2bfedcbe7c946945a907f2825a0c89e119ce9f9c9a421a49898afe3291485b40ffbbd587b62326f9becc7aa053036eff2559d9436defb
  languageName: node
  linkType: hard

"http-errors@npm:~1.7.2":
  version: 1.7.3
  resolution: "http-errors@npm:1.7.3"
  dependencies:
    depd: "npm:~1.1.2"
    inherits: "npm:2.0.4"
    setprototypeof: "npm:1.1.1"
    statuses: "npm:>= 1.5.0 < 2"
    toidentifier: "npm:1.0.0"
  checksum: 157cb95296118e9c37034f04d5c372916db03bcb6b1097caf693fbc9cf85ac881c8cbdf892140acb7ede6cad6a1a3dbf86a8031b2b127dc47bfc0600b3fda8a0
  languageName: node
  linkType: hard

"iconv-lite@npm:0.4.24":
  version: 0.4.24
  resolution: "iconv-lite@npm:0.4.24"
  dependencies:
    safer-buffer: "npm:>= 2.1.2 < 3"
  checksum: 6d3a2dac6e5d1fb126d25645c25c3a1209f70cceecc68b8ef51ae0da3cdc078c151fade7524a30b12a3094926336831fca09c666ef55b37e2c69638b5d6bd2e3
  languageName: node
  linkType: hard

"ieee754@npm:^1.1.13":
  version: 1.2.1
  resolution: "ieee754@npm:1.2.1"
  checksum: d9f2557a59036f16c282aaeb107832dc957a93d73397d89bbad4eb1130560560eb695060145e8e6b3b498b15ab95510226649a0b8f52ae06583575419fe10fc4
  languageName: node
  linkType: hard

"inherits@npm:2.0.3":
  version: 2.0.3
  resolution: "inherits@npm:2.0.3"
  checksum: 8771303d66c51be433b564427c16011a8e3fbc3449f1f11ea50efb30a4369495f1d0e89f0fc12bdec0bd7e49102ced5d137e031d39ea09821cb3c717fcf21e69
  languageName: node
  linkType: hard

"inherits@npm:2.0.4":
  version: 2.0.4
  resolution: "inherits@npm:2.0.4"
  checksum: cd45e923bee15186c07fa4c89db0aace24824c482fb887b528304694b2aa6ff8a898da8657046a5dcf3e46cd6db6c61629551f9215f208d7c3f157cf9b290521
  languageName: node
  linkType: hard

"ipaddr.js@npm:1.9.1":
  version: 1.9.1
  resolution: "ipaddr.js@npm:1.9.1"
  checksum: 864d0cced0c0832700e9621913a6429ccdc67f37c1bd78fb8c6789fff35c9d167cb329134acad2290497a53336813ab4798d2794fd675d5eb33b5fdf0982b9ca
  languageName: node
  linkType: hard

"kareem@npm:2.3.2":
  version: 2.3.2
  resolution: "kareem@npm:2.3.2"
  checksum: 449350fc943e3b629a1c30cdbe3bf26fdc979bd710cc17513d7e37d58c270c6db127725b0fc184cfb4cea7135c9933282aed40f2366dd4c64d933240fcdd7026
  languageName: node
  linkType: hard

"make-error@npm:^1.1.1":
  version: 1.3.6
  resolution: "make-error@npm:1.3.6"
  checksum: b86e5e0e25f7f777b77fabd8e2cbf15737972869d852a22b7e73c17623928fccb826d8e46b9951501d3f20e51ad74ba8c59ed584f610526a48f8ccf88aaec402
  languageName: node
  linkType: hard

"media-typer@npm:0.3.0":
  version: 0.3.0
  resolution: "media-typer@npm:0.3.0"
  checksum: 38e0984db39139604756903a01397e29e17dcb04207bb3e081412ce725ab17338ecc47220c1b186b6bbe79a658aad1b0d41142884f5a481f36290cdefbe6aa46
  languageName: node
  linkType: hard

"memory-pager@npm:^1.0.2":
  version: 1.5.0
  resolution: "memory-pager@npm:1.5.0"
  checksum: ffe3461b6aa4e400138d1d9c59890b1cbeae3256592a0dfae49577f4bec93952de65f31f682f0b15451d2a7cf018be775ed1e1411705e45514b14fb70883a66b
  languageName: node
  linkType: hard

"merge-descriptors@npm:1.0.1":
  version: 1.0.1
  resolution: "merge-descriptors@npm:1.0.1"
  checksum: 5abc259d2ae25bb06d19ce2b94a21632583c74e2a9109ee1ba7fd147aa7362b380d971e0251069f8b3eb7d48c21ac839e21fa177b335e82c76ec172e30c31a26
  languageName: node
  linkType: hard

"methods@npm:~1.1.2":
  version: 1.1.2
  resolution: "methods@npm:1.1.2"
  checksum: a385dd974faa34b5dd021b2bbf78c722881bf6f003bfe6d391d7da3ea1ed625d1ff10ddd13c57531f628b3e785be38d3eed10ad03cebd90b76932413df9a1820
  languageName: node
  linkType: hard

"mime-db@npm:1.51.0":
  version: 1.51.0
  resolution: "mime-db@npm:1.51.0"
  checksum: cd541c90d4d0b5831aa99f41c02d5f5d28d64e8a4a55d88530e26f8cc663968c7d2ba3ee953d563ff87b0c03dfe21eed6e23feec36b92a1cbd0e3c71acc8859c
  languageName: node
  linkType: hard

"mime-types@npm:~2.1.24":
  version: 2.1.34
  resolution: "mime-types@npm:2.1.34"
  dependencies:
    mime-db: "npm:1.51.0"
  checksum: 6685d1123ec76b84ddfa0bd0f57e400eeb3caa6a2166f106eb3435b2570f35afe0b5b6f457efe0f63fe87a618f44ec10050a0b0637e1c64a4f20008f49b2effe
  languageName: node
  linkType: hard

"mime@npm:1.6.0":
  version: 1.6.0
  resolution: "mime@npm:1.6.0"
  bin:
    mime: cli.js
  checksum: b7d98bb1e006c0e63e2c91b590fe1163b872abf8f7ef224d53dd31499c2197278a6d3d0864c45239b1a93d22feaf6f9477e9fc847eef945838150b8c02d03170
  languageName: node
  linkType: hard

"mongodb-connection-string-url@npm:^2.2.0":
  version: 2.3.2
  resolution: "mongodb-connection-string-url@npm:2.3.2"
  dependencies:
    "@types/whatwg-url": "npm:^8.2.1"
    whatwg-url: "npm:^11.0.0"
  checksum: e24527f8b122d52bcf6bb7c575bbf037ee0c3f4aa3496efec205e627f40f011f3cf4768b537cf2a19d5038536995727d9e4bd0c60ba7670010b8f2a7bcba2b52
  languageName: node
  linkType: hard

"mongodb@npm:4.2.1":
  version: 4.2.1
  resolution: "mongodb@npm:4.2.1"
  dependencies:
    bson: "npm:^4.6.0"
    denque: "npm:^2.0.1"
    mongodb-connection-string-url: "npm:^2.2.0"
    saslprep: "npm:^1.0.3"
  dependenciesMeta:
    saslprep:
      optional: true
  checksum: 260d6b2c84eee22f4cd064464c0769cdafcfeb4c55006e1dcedd20223bd44350bca00ae0d03a490dc70a2d8965a6953a0b3d8b4705bb9ee771a437f7835ba87d
  languageName: node
  linkType: hard

"mongoose@npm:^6.1.1":
  version: 6.1.1
  resolution: "mongoose@npm:6.1.1"
  dependencies:
    bson: "npm:^4.2.2"
    kareem: "npm:2.3.2"
    mongodb: "npm:4.2.1"
    mpath: "npm:0.8.4"
    mquery: "npm:4.0.0"
    ms: "npm:2.1.2"
    regexp-clone: "npm:1.0.0"
    sift: "npm:13.5.2"
    sliced: "npm:1.0.1"
  checksum: 6d9b98f3af59a05c84e3aa3c80ead6a2ccd8bd27c68a62d9b8fb6321ac4ea5ac0cf99cd13b7963ca71f1416cc2ce9aa85f4cebe74d78a74b0c4741ae83dc75eb
  languageName: node
  linkType: hard

"mpath@npm:0.8.4":
  version: 0.8.4
  resolution: "mpath@npm:0.8.4"
  checksum: 8d03d93f2f4154e0f7e1976198d36be99c4cbea60ca947dc3897c416b6c6ba7dd31caa912cf187fdd02143099f512a797ee25e421bf212d247f1efa959da18eb
  languageName: node
  linkType: hard

"mquery@npm:4.0.0":
  version: 4.0.0
  resolution: "mquery@npm:4.0.0"
  dependencies:
    debug: "npm:4.x"
    regexp-clone: "npm:^1.0.0"
    sliced: "npm:1.0.1"
  checksum: 60d15717d04fa6ca5c24ebdd5927a602212b551f19952591bd5849a1a12ebe5792a923c4d2c125a940b8941533c2edeca1528e5e959d033b2127d1acc9119109
  languageName: node
  linkType: hard

"ms@npm:2.0.0":
  version: 2.0.0
  resolution: "ms@npm:2.0.0"
  checksum: 0e6a22b8b746d2e0b65a430519934fefd41b6db0682e3477c10f60c76e947c4c0ad06f63ffdf1d78d335f83edee8c0aa928aa66a36c7cd95b69b26f468d527f4
  languageName: node
  linkType: hard

"ms@npm:2.1.1":
  version: 2.1.1
  resolution: "ms@npm:2.1.1"
  checksum: 0078a23cd916a9a7435c413caa14c57d4b4f6e2470e0ab554b6964163c8a4436448ac7ae020e883685475da6b6796cc396b670f579cb275db288a21e3e57721e
  languageName: node
  linkType: hard

"ms@npm:2.1.2":
  version: 2.1.2
  resolution: "ms@npm:2.1.2"
  checksum: 673cdb2c3133eb050c745908d8ce632ed2c02d85640e2edb3ace856a2266a813b30c613569bf3354fdf4ea7d1a1494add3bfa95e2713baa27d0c2c71fc44f58f
  languageName: node
  linkType: hard

"negotiator@npm:0.6.2":
  version: 0.6.2
  resolution: "negotiator@npm:0.6.2"
  checksum: eaf267fedd6503c98beee76e1a0388a04c185d9acb70c1ad206f212849392ad63d6beccea5813f0ac1ace79c16b113d2b89734af28554a0bece9a274b5a02628
  languageName: node
  linkType: hard

"nochnbot@workspace:.":
  version: 0.0.0-use.local
  resolution: "nochnbot@workspace:."
  dependencies:
    "@types/node": "npm:^16.11.12"
    dotenv: "npm:^10.0.0"
    express: "npm:^4.17.1"
    grammy: "npm:latest"
    mongoose: "npm:^6.1.1"
    prettier: "npm:^2.5.1"
    ts-node: "npm:^10.4.0"
    typescript: "npm:^4.5.4"
  languageName: unknown
  linkType: soft

"node-fetch@npm:^2.6.5":
  version: 2.6.6
  resolution: "node-fetch@npm:2.6.6"
  dependencies:
    whatwg-url: "npm:^5.0.0"
  checksum: 58235868373af390dfafbda5576fbe54f1ba357f4c16189ca328332a5d3a62142c113d3bbdce60c6fc0d4f9718c8a102917ea9b5c6814553d80c679da56b9f1a
  languageName: node
  linkType: hard

"on-finished@npm:~2.3.0":
  version: 2.3.0
  resolution: "on-finished@npm:2.3.0"
  dependencies:
    ee-first: "npm:1.1.1"
  checksum: 1db595bd963b0124d6fa261d18320422407b8f01dc65863840f3ddaaf7bcad5b28ff6847286703ca53f4ec19595bd67a2f1253db79fc4094911ec6aa8df1671b
  languageName: node
  linkType: hard

"parseurl@npm:~1.3.3":
  version: 1.3.3
  resolution: "parseurl@npm:1.3.3"
  checksum: 407cee8e0a3a4c5cd472559bca8b6a45b82c124e9a4703302326e9ab60fc1081442ada4e02628efef1eb16197ddc7f8822f5a91fd7d7c86b51f530aedb17dfa2
  languageName: node
  linkType: hard

"path-to-regexp@npm:0.1.7":
  version: 0.1.7
  resolution: "path-to-regexp@npm:0.1.7"
  checksum: 701c99e1f08e3400bea4d701cf6f03517474bb1b608da71c78b1eb261415b645c5670dfae49808c89e12cea2dccd113b069f040a80de012da0400191c6dbd1c8
  languageName: node
  linkType: hard

"prettier@npm:^2.5.1":
  version: 2.5.1
  resolution: "prettier@npm:2.5.1"
  bin:
    prettier: bin-prettier.js
  checksum: c8f95df9ebe7241c557ab74237395adfed603719099aaf7cdb9b711c1a7fb7ac809c03fe68c22d0a6c0dbf1c4ab3c6eb90a6cc7bb31e4ea07a4a84fdbbb5c58f
  languageName: node
  linkType: hard

"proxy-addr@npm:~2.0.5":
  version: 2.0.7
  resolution: "proxy-addr@npm:2.0.7"
  dependencies:
    forwarded: "npm:0.2.0"
    ipaddr.js: "npm:1.9.1"
  checksum: f24a0c80af0e75d31e3451398670d73406ec642914da11a2965b80b1898ca6f66a0e3e091a11a4327079b2b268795f6fa06691923fef91887215c3d0e8ea3f68
  languageName: node
  linkType: hard

"punycode@npm:^2.1.1":
  version: 2.1.1
  resolution: "punycode@npm:2.1.1"
  checksum: 939daa010c2cacebdb060c40ecb52fef0a739324a66f7fffe0f94353a1ee83e3b455e9032054c4a0c4977b0a28e27086f2171c392832b59a01bd948fd8e20914
  languageName: node
  linkType: hard

"qs@npm:6.7.0":
  version: 6.7.0
  resolution: "qs@npm:6.7.0"
  checksum: d8f4b216c6777853c17586dc17fa685fb4e14269dbf6e860add6c0c61fd12137dc7aa4bf5066a794ba9a8dbb9c11e9ef20b72db763228701be95546ea807213a
  languageName: node
  linkType: hard

"range-parser@npm:~1.2.1":
  version: 1.2.1
  resolution: "range-parser@npm:1.2.1"
  checksum: ce21ef2a2dd40506893157970dc76e835c78cf56437e26e19189c48d5291e7279314477b06ac38abd6a401b661a6840f7b03bd0b1249da9b691deeaa15872c26
  languageName: node
  linkType: hard

"raw-body@npm:2.4.0":
  version: 2.4.0
  resolution: "raw-body@npm:2.4.0"
  dependencies:
    bytes: "npm:3.1.0"
    http-errors: "npm:1.7.2"
    iconv-lite: "npm:0.4.24"
    unpipe: "npm:1.0.0"
  checksum: aa2c506055f32448211a4933c728b6a3d715101975328071ad4aad210a19e5cadd7666d1acc139ed59c7519e5a044a1a19285d4b4bb542d93de6187acf4a5ebf
  languageName: node
  linkType: hard

"regexp-clone@npm:1.0.0, regexp-clone@npm:^1.0.0":
  version: 1.0.0
  resolution: "regexp-clone@npm:1.0.0"
  checksum: ca4960bbdc4237c84813b12aed351606be7db60a8c8867ef46b44f00eec4e83f51b31de34e294900517db9d7a39636117af80916f6ce7dc45ea00cae3c6d6fc3
  languageName: node
  linkType: hard

"safe-buffer@npm:5.1.2":
  version: 5.1.2
  resolution: "safe-buffer@npm:5.1.2"
  checksum: 7eb5b48f2ed9a594a4795677d5a150faa7eb54483b2318b568dc0c4fc94092a6cce5be02c7288a0500a156282f5276d5688bce7259299568d1053b2150ef374a
  languageName: node
  linkType: hard

"safer-buffer@npm:>= 2.1.2 < 3":
  version: 2.1.2
  resolution: "safer-buffer@npm:2.1.2"
  checksum: 7eaf7a0cf37cc27b42fb3ef6a9b1df6e93a1c6d98c6c6702b02fe262d5fcbd89db63320793b99b21cb5348097d0a53de81bd5f4e8b86e20cc9412e3f1cfb4e83
  languageName: node
  linkType: hard

"saslprep@npm:^1.0.3":
  version: 1.0.3
  resolution: "saslprep@npm:1.0.3"
  dependencies:
    sparse-bitfield: "npm:^3.0.3"
  checksum: d6cae5f0adc960f355b7a78c25616c2aea31e7eeb6322eb2d553f09f1db249594651c1e5d54910e9a47b1dc6131beda82db13ffafbceea92f2a673d69c839982
  languageName: node
  linkType: hard

"send@npm:0.17.1":
  version: 0.17.1
  resolution: "send@npm:0.17.1"
  dependencies:
    debug: "npm:2.6.9"
    depd: "npm:~1.1.2"
    destroy: "npm:~1.0.4"
    encodeurl: "npm:~1.0.2"
    escape-html: "npm:~1.0.3"
    etag: "npm:~1.8.1"
    fresh: "npm:0.5.2"
    http-errors: "npm:~1.7.2"
    mime: "npm:1.6.0"
    ms: "npm:2.1.1"
    on-finished: "npm:~2.3.0"
    range-parser: "npm:~1.2.1"
    statuses: "npm:~1.5.0"
  checksum: b632573e156db8f110e3776e4c8e8393bed1c3ad2be01d4f2832d33525395058cdababdaffea639af3a2d81b3d46c242134279efce87d33d2be3ccf31abaa937
  languageName: node
  linkType: hard

"serve-static@npm:1.14.1":
  version: 1.14.1
  resolution: "serve-static@npm:1.14.1"
  dependencies:
    encodeurl: "npm:~1.0.2"
    escape-html: "npm:~1.0.3"
    parseurl: "npm:~1.3.3"
    send: "npm:0.17.1"
  checksum: a479286814f2aa3712683951908ea49d6c4999191465f9139d68ad001f8b594e4c16aee02d9511f3579e90aac20bf574a267b799fd48fc1857d89a2a08e280d7
  languageName: node
  linkType: hard

"setprototypeof@npm:1.1.1":
  version: 1.1.1
  resolution: "setprototypeof@npm:1.1.1"
  checksum: b8fcf5b4b8325ea638712ed6e62f8e0ffac69eef1390305a5331046992424e484d4d6603a18d84d4c08c3def50b9195d9e707b747aed5eec15ee66a2a6508318
  languageName: node
  linkType: hard

"sift@npm:13.5.2":
  version: 13.5.2
  resolution: "sift@npm:13.5.2"
  checksum: f47b1f8d78c88e63088c5de66ebcb4d285e870c6fb8e6b7700df63255167aab40969867aa2c41c5146a6cc3088ec5e79c080be565377df75e1e7316b9ed1e072
  languageName: node
  linkType: hard

"sliced@npm:1.0.1":
  version: 1.0.1
  resolution: "sliced@npm:1.0.1"
  checksum: 4c9f7f783dafc48eb02eda0047a3dbe9920ed36bd50b96f7ecceb07b1b18da27bfc7f24438ccb85b63d353b4978dc130de9d9dd7e84d5ebaf44fe5138ae7b23b
  languageName: node
  linkType: hard

"sparse-bitfield@npm:^3.0.3":
  version: 3.0.3
  resolution: "sparse-bitfield@npm:3.0.3"
  dependencies:
    memory-pager: "npm:^1.0.2"
  checksum: 174da88dbbcc783d5dbd26921931cc83830280b8055fb05333786ebe6fc015b9601b24972b3d55920dd2d9f5fb120576fbfa2469b08e5222c9cadf3f05210aab
  languageName: node
  linkType: hard

"statuses@npm:>= 1.5.0 < 2, statuses@npm:~1.5.0":
  version: 1.5.0
  resolution: "statuses@npm:1.5.0"
  checksum: c469b9519de16a4bb19600205cffb39ee471a5f17b82589757ca7bd40a8d92ebb6ed9f98b5a540c5d302ccbc78f15dc03cc0280dd6e00df1335568a5d5758a5c
  languageName: node
  linkType: hard

"toidentifier@npm:1.0.0":
  version: 1.0.0
  resolution: "toidentifier@npm:1.0.0"
  checksum: 199e6bfca1531d49b3506cff02353d53ec987c9ee10ee272ca6484ed97f1fc10fb77c6c009079ca16d5c5be4a10378178c3cacdb41ce9ec954c3297c74c6053e
  languageName: node
  linkType: hard

"tr46@npm:^3.0.0":
  version: 3.0.0
  resolution: "tr46@npm:3.0.0"
  dependencies:
    punycode: "npm:^2.1.1"
  checksum: b09a15886cbfaee419a3469081223489051ce9dca3374dd9500d2378adedbee84a3c73f83bfdd6bb13d53657753fc0d4e20a46bfcd3f1b9057ef528426ad7ce4
  languageName: node
  linkType: hard

"tr46@npm:~0.0.3":
  version: 0.0.3
  resolution: "tr46@npm:0.0.3"
  checksum: 8f1f5aa6cb232f9e1bdc86f485f916b7aa38caee8a778b378ffec0b70d9307873f253f5cbadbe2955ece2ac5c83d0dc14a77513166ccd0a0c7fe197e21396695
  languageName: node
  linkType: hard

"ts-node@npm:^10.4.0":
  version: 10.4.0
  resolution: "ts-node@npm:10.4.0"
  dependencies:
    "@cspotcode/source-map-support": "npm:0.7.0"
    "@tsconfig/node10": "npm:^1.0.7"
    "@tsconfig/node12": "npm:^1.0.7"
    "@tsconfig/node14": "npm:^1.0.0"
    "@tsconfig/node16": "npm:^1.0.2"
    acorn: "npm:^8.4.1"
    acorn-walk: "npm:^8.1.1"
    arg: "npm:^4.1.0"
    create-require: "npm:^1.1.0"
    diff: "npm:^4.0.1"
    make-error: "npm:^1.1.1"
    yn: "npm:3.1.1"
  peerDependencies:
    "@swc/core": ">=1.2.50"
    "@swc/wasm": ">=1.2.50"
    "@types/node": "*"
    typescript: ">=2.7"
  peerDependenciesMeta:
    "@swc/core":
      optional: true
    "@swc/wasm":
      optional: true
  bin:
    ts-node: dist/bin.js
    ts-node-cwd: dist/bin-cwd.js
    ts-node-script: dist/bin-script.js
    ts-node-transpile-only: dist/bin-transpile.js
    ts-script: dist/bin-script-deprecated.js
  checksum: 5874ac27f66b684b24aa199105d347a8fa3e037b8737ff5918a2f94175ad0df5e426bb2f0f37727cdfdb4b15886d336c31fa1c28c71a4912fee0cddead02fc42
  languageName: node
  linkType: hard

"type-is@npm:~1.6.17, type-is@npm:~1.6.18":
  version: 1.6.18
  resolution: "type-is@npm:1.6.18"
  dependencies:
    media-typer: "npm:0.3.0"
    mime-types: "npm:~2.1.24"
  checksum: 0bd9eeae5efd27d98fd63519f999908c009e148039d8e7179a074f105362d4fcc214c38b24f6cda79c87e563cbd12083a4691381ed28559220d4a10c2047bed4
  languageName: node
  linkType: hard

"typescript@npm:^4.5.4":
  version: 4.5.4
  resolution: "typescript@npm:4.5.4"
  bin:
    tsc: bin/tsc
    tsserver: bin/tsserver
  checksum: a0259a3e2d28b5f9331e70059e49ce1eb4f5a325385253c7464133c914efaf8ebb93826045fb20cb9990d10cd6fc9a560f321baddee44a31dc2e8ea59ebdfeef
  languageName: node
  linkType: hard

"typescript@patch:typescript@npm%3A^4.5.4#optional!builtin<compat/typescript>":
  version: 4.5.4
  resolution: "typescript@patch:typescript@npm%3A4.5.4#optional!builtin<compat/typescript>::version=4.5.4&hash=bcec9a"
  bin:
    tsc: bin/tsc
    tsserver: bin/tsserver
  checksum: b7e4328509683fb010b822b3712be2a930ba05f4abc50c25a79ae8d37d5a6fdcb24ee2439b35f106dee0105634d87c0c45b7ed092dd57656c514f2a6909df4a2
  languageName: node
  linkType: hard

"unpipe@npm:1.0.0, unpipe@npm:~1.0.0":
  version: 1.0.0
  resolution: "unpipe@npm:1.0.0"
  checksum: 4fa18d8d8d977c55cb09715385c203197105e10a6d220087ec819f50cb68870f02942244f1017565484237f1f8c5d3cd413631b1ae104d3096f24fdfde1b4aa2
  languageName: node
  linkType: hard

"utils-merge@npm:1.0.1":
  version: 1.0.1
  resolution: "utils-merge@npm:1.0.1"
  checksum: 5d6949693d58cb2e636a84f3ee1c6e7b2f9c16cb1d42d0ecb386d8c025c69e327205aa1c69e2868cc06a01e5e20681fbba55a4e0ed0cce913d60334024eae798
  languageName: node
  linkType: hard

"vary@npm:~1.1.2":
  version: 1.1.2
  resolution: "vary@npm:1.1.2"
  checksum: 31389debef15a480849b8331b220782230b9815a8e0dbb7b9a8369559aed2e9a7800cd904d4371ea74f4c3527db456dc8e7ac5befce5f0d289014dbdf47b2242
  languageName: node
  linkType: hard

"webidl-conversions@npm:^3.0.0":
  version: 3.0.1
  resolution: "webidl-conversions@npm:3.0.1"
  checksum: b65b9f8d6854572a84a5c69615152b63371395f0c5dcd6729c45789052296df54314db2bc3e977df41705eacb8bc79c247cee139a63fa695192f95816ed528ad
  languageName: node
  linkType: hard

"webidl-conversions@npm:^7.0.0":
  version: 7.0.0
  resolution: "webidl-conversions@npm:7.0.0"
  checksum: 4c4f65472c010eddbe648c11b977d048dd96956a625f7f8b9d64e1b30c3c1f23ea1acfd654648426ce5c743c2108a5a757c0592f02902cf7367adb7d14e67721
  languageName: node
  linkType: hard

"whatwg-url@npm:^11.0.0":
  version: 11.0.0
  resolution: "whatwg-url@npm:11.0.0"
  dependencies:
    tr46: "npm:^3.0.0"
    webidl-conversions: "npm:^7.0.0"
  checksum: dfcd51c6f4bfb54685528fb10927f3fd3d7c809b5671beef4a8cdd7b1408a7abf3343a35bc71dab83a1424f1c1e92cc2700d7930d95d231df0fac361de0c7648
  languageName: node
  linkType: hard

"whatwg-url@npm:^5.0.0":
  version: 5.0.0
  resolution: "whatwg-url@npm:5.0.0"
  dependencies:
    tr46: "npm:~0.0.3"
    webidl-conversions: "npm:^3.0.0"
  checksum: f95adbc1e80820828b45cc671d97da7cd5e4ef9deb426c31bcd5ab00dc7103042291613b3ef3caec0a2335ed09e0d5ed026c940755dbb6d404e2b27f940fdf07
  languageName: node
  linkType: hard

"yn@npm:3.1.1":
  version: 3.1.1
  resolution: "yn@npm:3.1.1"
  checksum: 2c487b0e149e746ef48cda9f8bad10fc83693cd69d7f9dcd8be4214e985de33a29c9e24f3c0d6bcf2288427040a8947406ab27f7af67ee9456e6b84854f02dd6
  languageName: node
  linkType: hard
